// !$*UTF8*$!
{
	archiveVersion = 1;
	classes = {
	};
	objectVersion = 46;
	objects = {

/* Begin PBXBuildFile section */
		81ABF3571ACD731200404758 /* MKAnnotationView+WebCache.m in Sources */ = {isa = PBXBuildFile; fileRef = 81ABF3371ACD731200404758 /* MKAnnotationView+WebCache.m */; };
		81ABF3581ACD731200404758 /* NSData+ImageContentType.m in Sources */ = {isa = PBXBuildFile; fileRef = 81ABF3391ACD731200404758 /* NSData+ImageContentType.m */; };
		81ABF3591ACD731200404758 /* SDImageCache.m in Sources */ = {isa = PBXBuildFile; fileRef = 81ABF33B1ACD731200404758 /* SDImageCache.m */; };
		81ABF35A1ACD731200404758 /* SDWebImageCompat.m in Sources */ = {isa = PBXBuildFile; fileRef = 81ABF33D1ACD731200404758 /* SDWebImageCompat.m */; };
		81ABF35B1ACD731200404758 /* SDWebImageDecoder.m in Sources */ = {isa = PBXBuildFile; fileRef = 81ABF33F1ACD731200404758 /* SDWebImageDecoder.m */; };
		81ABF35C1ACD731200404758 /* SDWebImageDownloader.m in Sources */ = {isa = PBXBuildFile; fileRef = 81ABF3411ACD731200404758 /* SDWebImageDownloader.m */; };
		81ABF35D1ACD731200404758 /* SDWebImageDownloaderOperation.m in Sources */ = {isa = PBXBuildFile; fileRef = 81ABF3431ACD731200404758 /* SDWebImageDownloaderOperation.m */; };
		81ABF35E1ACD731200404758 /* SDWebImageManager.m in Sources */ = {isa = PBXBuildFile; fileRef = 81ABF3451ACD731200404758 /* SDWebImageManager.m */; };
		81ABF35F1ACD731200404758 /* SDWebImagePrefetcher.m in Sources */ = {isa = PBXBuildFile; fileRef = 81ABF3481ACD731200404758 /* SDWebImagePrefetcher.m */; };
		81ABF3601ACD731200404758 /* UIButton+WebCache.m in Sources */ = {isa = PBXBuildFile; fileRef = 81ABF34A1ACD731200404758 /* UIButton+WebCache.m */; };
		81ABF3611ACD731200404758 /* UIImage+GIF.m in Sources */ = {isa = PBXBuildFile; fileRef = 81ABF34C1ACD731200404758 /* UIImage+GIF.m */; };
		81ABF3621ACD731200404758 /* UIImage+MultiFormat.m in Sources */ = {isa = PBXBuildFile; fileRef = 81ABF34E1ACD731200404758 /* UIImage+MultiFormat.m */; };
		81ABF3631ACD731200404758 /* UIImage+WebP.m in Sources */ = {isa = PBXBuildFile; fileRef = 81ABF3501ACD731200404758 /* UIImage+WebP.m */; };
		81ABF3641ACD731200404758 /* UIImageView+HighlightedWebCache.m in Sources */ = {isa = PBXBuildFile; fileRef = 81ABF3521ACD731200404758 /* UIImageView+HighlightedWebCache.m */; };
		81ABF3651ACD731200404758 /* UIImageView+WebCache.m in Sources */ = {isa = PBXBuildFile; fileRef = 81ABF3541ACD731200404758 /* UIImageView+WebCache.m */; };
		81ABF3661ACD731200404758 /* UIView+WebCacheOperation.m in Sources */ = {isa = PBXBuildFile; fileRef = 81ABF3561ACD731200404758 /* UIView+WebCacheOperation.m */; };
		81ABF37A1ACD758400404758 /* HPHeadlineViewController.m in Sources */ = {isa = PBXBuildFile; fileRef = 81ABF3691ACD758400404758 /* HPHeadlineViewController.m */; };
		81ABF37B1ACD758400404758 /* HPNewsDetailViewController.m in Sources */ = {isa = PBXBuildFile; fileRef = 81ABF36B1ACD758400404758 /* HPNewsDetailViewController.m */; };
		81ABF37C1ACD758400404758 /* HPHeadline.m in Sources */ = {isa = PBXBuildFile; fileRef = 81ABF36E1ACD758400404758 /* HPHeadline.m */; };
		81ABF37D1ACD758400404758 /* HPNewsDetail.css in Resources */ = {isa = PBXBuildFile; fileRef = 81ABF36F1ACD758400404758 /* HPNewsDetail.css */; };
		81ABF37E1ACD758400404758 /* HPNewsDetail.m in Sources */ = {isa = PBXBuildFile; fileRef = 81ABF3711ACD758400404758 /* HPNewsDetail.m */; };
		81ABF37F1ACD758400404758 /* HPNewsDetailImg.m in Sources */ = {isa = PBXBuildFile; fileRef = 81ABF3731ACD758400404758 /* HPNewsDetailImg.m */; };
		81ABF3801ACD758400404758 /* AppDelegate.m in Sources */ = {isa = PBXBuildFile; fileRef = 81ABF3761ACD758400404758 /* AppDelegate.m */; };
		81ABF3811ACD758400404758 /* HPHttpManager.m in Sources */ = {isa = PBXBuildFile; fileRef = 81ABF3781ACD758400404758 /* HPHttpManager.m */; };
		81C9E0281ACD17FE006D2E7E /* Info.plist in Resources */ = {isa = PBXBuildFile; fileRef = 81C9E0261ACD17FE006D2E7E /* Info.plist */; };
		81C9E0A21ACD1B00006D2E7E /* iOSHybridAppDemoTests.m in Sources */ = {isa = PBXBuildFile; fileRef = 81C9E0A11ACD1B00006D2E7E /* iOSHybridAppDemoTests.m */; };
		81C9E0F41ACD1EEB006D2E7E /* AFHTTPRequestOperation.m in Sources */ = {isa = PBXBuildFile; fileRef = 81C9E0A81ACD1EEB006D2E7E /* AFHTTPRequestOperation.m */; };
		81C9E0F51ACD1EEB006D2E7E /* AFHTTPRequestOperationManager.m in Sources */ = {isa = PBXBuildFile; fileRef = 81C9E0AA1ACD1EEB006D2E7E /* AFHTTPRequestOperationManager.m */; };
		81C9E0F61ACD1EEB006D2E7E /* AFHTTPSessionManager.m in Sources */ = {isa = PBXBuildFile; fileRef = 81C9E0AC1ACD1EEB006D2E7E /* AFHTTPSessionManager.m */; };
		81C9E0F71ACD1EEB006D2E7E /* AFNetworkReachabilityManager.m in Sources */ = {isa = PBXBuildFile; fileRef = 81C9E0AF1ACD1EEB006D2E7E /* AFNetworkReachabilityManager.m */; };
		81C9E0F81ACD1EEB006D2E7E /* AFSecurityPolicy.m in Sources */ = {isa = PBXBuildFile; fileRef = 81C9E0B11ACD1EEB006D2E7E /* AFSecurityPolicy.m */; };
		81C9E0F91ACD1EEB006D2E7E /* AFURLConnectionOperation.m in Sources */ = {isa = PBXBuildFile; fileRef = 81C9E0B31ACD1EEB006D2E7E /* AFURLConnectionOperation.m */; };
		81C9E0FA1ACD1EEB006D2E7E /* AFURLRequestSerialization.m in Sources */ = {isa = PBXBuildFile; fileRef = 81C9E0B51ACD1EEB006D2E7E /* AFURLRequestSerialization.m */; };
		81C9E0FB1ACD1EEB006D2E7E /* AFURLResponseSerialization.m in Sources */ = {isa = PBXBuildFile; fileRef = 81C9E0B71ACD1EEB006D2E7E /* AFURLResponseSerialization.m */; };
		81C9E0FC1ACD1EEB006D2E7E /* AFURLSessionManager.m in Sources */ = {isa = PBXBuildFile; fileRef = 81C9E0B91ACD1EEB006D2E7E /* AFURLSessionManager.m */; };
		81C9E0FE1ACD1EEB006D2E7E /* LaunchScreen.xib in Resources */ = {isa = PBXBuildFile; fileRef = 81C9E0BC1ACD1EEB006D2E7E /* LaunchScreen.xib */; };
		81C9E0FF1ACD1EEB006D2E7E /* Main.storyboard in Resources */ = {isa = PBXBuildFile; fileRef = 81C9E0BE1ACD1EEB006D2E7E /* Main.storyboard */; };
		81C9E1091ACD1EEB006D2E7E /* Images.xcassets in Resources */ = {isa = PBXBuildFile; fileRef = 81C9E0CF1ACD1EEB006D2E7E /* Images.xcassets */; };
		81C9E10A1ACD1EEB006D2E7E /* Info.plist in Resources */ = {isa = PBXBuildFile; fileRef = 81C9E0D01ACD1EEB006D2E7E /* Info.plist */; };
		81C9E10B1ACD1EEB006D2E7E /* main.m in Sources */ = {isa = PBXBuildFile; fileRef = 81C9E0D11ACD1EEB006D2E7E /* main.m */; };
/* End PBXBuildFile section */

/* Begin PBXContainerItemProxy section */
		181F716C1A73453D00293CED /* PBXContainerItemProxy */ = {
			isa = PBXContainerItemProxy;
			containerPortal = 181F714A1A73453D00293CED /* Project object */;
			proxyType = 1;
			remoteGlobalIDString = 181F71511A73453D00293CED;
			remoteInfo = "02-新闻详情页面";
		};
/* End PBXContainerItemProxy section */

/* Begin PBXFileReference section */
		181F71521A73453D00293CED /* iOSHybridAppDemo.app */ = {isa = PBXFileReference; explicitFileType = wrapper.application; includeInIndex = 0; path = iOSHybridAppDemo.app; sourceTree = BUILT_PRODUCTS_DIR; };
		181F716B1A73453D00293CED /* iOSHybridAppDemoTests.xctest */ = {isa = PBXFileReference; explicitFileType = wrapper.cfbundle; includeInIndex = 0; path = iOSHybridAppDemoTests.xctest; sourceTree = BUILT_PRODUCTS_DIR; };
		81ABF3361ACD731200404758 /* MKAnnotationView+WebCache.h */ = {isa = PBXFileReference; fileEncoding = 4; lastKnownFileType = sourcecode.c.h; path = "MKAnnotationView+WebCache.h"; sourceTree = "<group>"; };
		81ABF3371ACD731200404758 /* MKAnnotationView+WebCache.m */ = {isa = PBXFileReference; fileEncoding = 4; lastKnownFileType = sourcecode.c.objc; path = "MKAnnotationView+WebCache.m"; sourceTree = "<group>"; };
		81ABF3381ACD731200404758 /* NSData+ImageContentType.h */ = {isa = PBXFileReference; fileEncoding = 4; lastKnownFileType = sourcecode.c.h; path = "NSData+ImageContentType.h"; sourceTree = "<group>"; };
		81ABF3391ACD731200404758 /* NSData+ImageContentType.m */ = {isa = PBXFileReference; fileEncoding = 4; lastKnownFileType = sourcecode.c.objc; path = "NSData+ImageContentType.m"; sourceTree = "<group>"; };
		81ABF33A1ACD731200404758 /* SDImageCache.h */ = {isa = PBXFileReference; fileEncoding = 4; lastKnownFileType = sourcecode.c.h; path = SDImageCache.h; sourceTree = "<group>"; };
		81ABF33B1ACD731200404758 /* SDImageCache.m */ = {isa = PBXFileReference; fileEncoding = 4; lastKnownFileType = sourcecode.c.objc; path = SDImageCache.m; sourceTree = "<group>"; };
		81ABF33C1ACD731200404758 /* SDWebImageCompat.h */ = {isa = PBXFileReference; fileEncoding = 4; lastKnownFileType = sourcecode.c.h; path = SDWebImageCompat.h; sourceTree = "<group>"; };
		81ABF33D1ACD731200404758 /* SDWebImageCompat.m */ = {isa = PBXFileReference; fileEncoding = 4; lastKnownFileType = sourcecode.c.objc; path = SDWebImageCompat.m; sourceTree = "<group>"; };
		81ABF33E1ACD731200404758 /* SDWebImageDecoder.h */ = {isa = PBXFileReference; fileEncoding = 4; lastKnownFileType = sourcecode.c.h; path = SDWebImageDecoder.h; sourceTree = "<group>"; };
		81ABF33F1ACD731200404758 /* SDWebImageDecoder.m */ = {isa = PBXFileReference; fileEncoding = 4; lastKnownFileType = sourcecode.c.objc; path = SDWebImageDecoder.m; sourceTree = "<group>"; };
		81ABF3401ACD731200404758 /* SDWebImageDownloader.h */ = {isa = PBXFileReference; fileEncoding = 4; lastKnownFileType = sourcecode.c.h; path = SDWebImageDownloader.h; sourceTree = "<group>"; };
		81ABF3411ACD731200404758 /* SDWebImageDownloader.m */ = {isa = PBXFileReference; fileEncoding = 4; lastKnownFileType = sourcecode.c.objc; path = SDWebImageDownloader.m; sourceTree = "<group>"; };
		81ABF3421ACD731200404758 /* SDWebImageDownloaderOperation.h */ = {isa = PBXFileReference; fileEncoding = 4; lastKnownFileType = sourcecode.c.h; path = SDWebImageDownloaderOperation.h; sourceTree = "<group>"; };
		81ABF3431ACD731200404758 /* SDWebImageDownloaderOperation.m */ = {isa = PBXFileReference; fileEncoding = 4; lastKnownFileType = sourcecode.c.objc; path = SDWebImageDownloaderOperation.m; sourceTree = "<group>"; };
		81ABF3441ACD731200404758 /* SDWebImageManager.h */ = {isa = PBXFileReference; fileEncoding = 4; lastKnownFileType = sourcecode.c.h; path = SDWebImageManager.h; sourceTree = "<group>"; };
		81ABF3451ACD731200404758 /* SDWebImageManager.m */ = {isa = PBXFileReference; fileEncoding = 4; lastKnownFileType = sourcecode.c.objc; path = SDWebImageManager.m; sourceTree = "<group>"; };
		81ABF3461ACD731200404758 /* SDWebImageOperation.h */ = {isa = PBXFileReference; fileEncoding = 4; lastKnownFileType = sourcecode.c.h; path = SDWebImageOperation.h; sourceTree = "<group>"; };
		81ABF3471ACD731200404758 /* SDWebImagePrefetcher.h */ = {isa = PBXFileReference; fileEncoding = 4; lastKnownFileType = sourcecode.c.h; path = SDWebImagePrefetcher.h; sourceTree = "<group>"; };
		81ABF3481ACD731200404758 /* SDWebImagePrefetcher.m */ = {isa = PBXFileReference; fileEncoding = 4; lastKnownFileType = sourcecode.c.objc; path = SDWebImagePrefetcher.m; sourceTree = "<group>"; };
		81ABF3491ACD731200404758 /* UIButton+WebCache.h */ = {isa = PBXFileReference; fileEncoding = 4; lastKnownFileType = sourcecode.c.h; path = "UIButton+WebCache.h"; sourceTree = "<group>"; };
		81ABF34A1ACD731200404758 /* UIButton+WebCache.m */ = {isa = PBXFileReference; fileEncoding = 4; lastKnownFileType = sourcecode.c.objc; path = "UIButton+WebCache.m"; sourceTree = "<group>"; };
		81ABF34B1ACD731200404758 /* UIImage+GIF.h */ = {isa = PBXFileReference; fileEncoding = 4; lastKnownFileType = sourcecode.c.h; path = "UIImage+GIF.h"; sourceTree = "<group>"; };
		81ABF34C1ACD731200404758 /* UIImage+GIF.m */ = {isa = PBXFileReference; fileEncoding = 4; lastKnownFileType = sourcecode.c.objc; path = "UIImage+GIF.m"; sourceTree = "<group>"; };
		81ABF34D1ACD731200404758 /* UIImage+MultiFormat.h */ = {isa = PBXFileReference; fileEncoding = 4; lastKnownFileType = sourcecode.c.h; path = "UIImage+MultiFormat.h"; sourceTree = "<group>"; };
		81ABF34E1ACD731200404758 /* UIImage+MultiFormat.m */ = {isa = PBXFileReference; fileEncoding = 4; lastKnownFileType = sourcecode.c.objc; path = "UIImage+MultiFormat.m"; sourceTree = "<group>"; };
		81ABF34F1ACD731200404758 /* UIImage+WebP.h */ = {isa = PBXFileReference; fileEncoding = 4; lastKnownFileType = sourcecode.c.h; path = "UIImage+WebP.h"; sourceTree = "<group>"; };
		81ABF3501ACD731200404758 /* UIImage+WebP.m */ = {isa = PBXFileReference; fileEncoding = 4; lastKnownFileType = sourcecode.c.objc; path = "UIImage+WebP.m"; sourceTree = "<group>"; };
		81ABF3511ACD731200404758 /* UIImageView+HighlightedWebCache.h */ = {isa = PBXFileReference; fileEncoding = 4; lastKnownFileType = sourcecode.c.h; path = "UIImageView+HighlightedWebCache.h"; sourceTree = "<group>"; };
		81ABF3521ACD731200404758 /* UIImageView+HighlightedWebCache.m */ = {isa = PBXFileReference; fileEncoding = 4; lastKnownFileType = sourcecode.c.objc; path = "UIImageView+HighlightedWebCache.m"; sourceTree = "<group>"; };
		81ABF3531ACD731200404758 /* UIImageView+WebCache.h */ = {isa = PBXFileReference; fileEncoding = 4; lastKnownFileType = sourcecode.c.h; path = "UIImageView+WebCache.h"; sourceTree = "<group>"; };
		81ABF3541ACD731200404758 /* UIImageView+WebCache.m */ = {isa = PBXFileReference; fileEncoding = 4; lastKnownFileType = sourcecode.c.objc; path = "UIImageView+WebCache.m"; sourceTree = "<group>"; };
		81ABF3551ACD731200404758 /* UIView+WebCacheOperation.h */ = {isa = PBXFileReference; fileEncoding = 4; lastKnownFileType = sourcecode.c.h; path = "UIView+WebCacheOperation.h"; sourceTree = "<group>"; };
		81ABF3561ACD731200404758 /* UIView+WebCacheOperation.m */ = {isa = PBXFileReference; fileEncoding = 4; lastKnownFileType = sourcecode.c.objc; path = "UIView+WebCacheOperation.m"; sourceTree = "<group>"; };
		81ABF3681ACD758400404758 /* HPHeadlineViewController.h */ = {isa = PBXFileReference; fileEncoding = 4; lastKnownFileType = sourcecode.c.h; path = HPHeadlineViewController.h; sourceTree = "<group>"; };
		81ABF3691ACD758400404758 /* HPHeadlineViewController.m */ = {isa = PBXFileReference; fileEncoding = 4; lastKnownFileType = sourcecode.c.objc; path = HPHeadlineViewController.m; sourceTree = "<group>"; };
		81ABF36A1ACD758400404758 /* HPNewsDetailViewController.h */ = {isa = PBXFileReference; fileEncoding = 4; lastKnownFileType = sourcecode.c.h; path = HPNewsDetailViewController.h; sourceTree = "<group>"; };
		81ABF36B1ACD758400404758 /* HPNewsDetailViewController.m */ = {isa = PBXFileReference; fileEncoding = 4; lastKnownFileType = sourcecode.c.objc; path = HPNewsDetailViewController.m; sourceTree = "<group>"; };
		81ABF36D1ACD758400404758 /* HPHeadline.h */ = {isa = PBXFileReference; fileEncoding = 4; lastKnownFileType = sourcecode.c.h; path = HPHeadline.h; sourceTree = "<group>"; };
		81ABF36E1ACD758400404758 /* HPHeadline.m */ = {isa = PBXFileReference; fileEncoding = 4; lastKnownFileType = sourcecode.c.objc; path = HPHeadline.m; sourceTree = "<group>"; };
		81ABF36F1ACD758400404758 /* HPNewsDetail.css */ = {isa = PBXFileReference; fileEncoding = 4; lastKnownFileType = text.css; path = HPNewsDetail.css; sourceTree = "<group>"; };
		81ABF3701ACD758400404758 /* HPNewsDetail.h */ = {isa = PBXFileReference; fileEncoding = 4; lastKnownFileType = sourcecode.c.h; path = HPNewsDetail.h; sourceTree = "<group>"; };
		81ABF3711ACD758400404758 /* HPNewsDetail.m */ = {isa = PBXFileReference; fileEncoding = 4; lastKnownFileType = sourcecode.c.objc; path = HPNewsDetail.m; sourceTree = "<group>"; };
		81ABF3721ACD758400404758 /* HPNewsDetailImg.h */ = {isa = PBXFileReference; fileEncoding = 4; lastKnownFileType = sourcecode.c.h; path = HPNewsDetailImg.h; sourceTree = "<group>"; };
		81ABF3731ACD758400404758 /* HPNewsDetailImg.m */ = {isa = PBXFileReference; fileEncoding = 4; lastKnownFileType = sourcecode.c.objc; path = HPNewsDetailImg.m; sourceTree = "<group>"; };
		81ABF3751ACD758400404758 /* AppDelegate.h */ = {isa = PBXFileReference; fileEncoding = 4; lastKnownFileType = sourcecode.c.h; path = AppDelegate.h; sourceTree = "<group>"; };
		81ABF3761ACD758400404758 /* AppDelegate.m */ = {isa = PBXFileReference; fileEncoding = 4; lastKnownFileType = sourcecode.c.objc; path = AppDelegate.m; sourceTree = "<group>"; };
		81ABF3771ACD758400404758 /* HPHttpManager.h */ = {isa = PBXFileReference; fileEncoding = 4; lastKnownFileType = sourcecode.c.h; path = HPHttpManager.h; sourceTree = "<group>"; };
		81ABF3781ACD758400404758 /* HPHttpManager.m */ = {isa = PBXFileReference; fileEncoding = 4; lastKnownFileType = sourcecode.c.objc; path = HPHttpManager.m; sourceTree = "<group>"; };
		81C9E0261ACD17FE006D2E7E /* Info.plist */ = {isa = PBXFileReference; fileEncoding = 4; lastKnownFileType = text.plist.xml; path = Info.plist; sourceTree = "<group>"; };
		81C9E0A11ACD1B00006D2E7E /* iOSHybridAppDemoTests.m */ = {isa = PBXFileReference; fileEncoding = 4; lastKnownFileType = sourcecode.c.objc; path = iOSHybridAppDemoTests.m; sourceTree = "<group>"; };
		81C9E0A71ACD1EEB006D2E7E /* AFHTTPRequestOperation.h */ = {isa = PBXFileReference; fileEncoding = 4; lastKnownFileType = sourcecode.c.h; path = AFHTTPRequestOperation.h; sourceTree = "<group>"; };
		81C9E0A81ACD1EEB006D2E7E /* AFHTTPRequestOperation.m */ = {isa = PBXFileReference; fileEncoding = 4; lastKnownFileType = sourcecode.c.objc; path = AFHTTPRequestOperation.m; sourceTree = "<group>"; };
		81C9E0A91ACD1EEB006D2E7E /* AFHTTPRequestOperationManager.h */ = {isa = PBXFileReference; fileEncoding = 4; lastKnownFileType = sourcecode.c.h; path = AFHTTPRequestOperationManager.h; sourceTree = "<group>"; };
		81C9E0AA1ACD1EEB006D2E7E /* AFHTTPRequestOperationManager.m */ = {isa = PBXFileReference; fileEncoding = 4; lastKnownFileType = sourcecode.c.objc; path = AFHTTPRequestOperationManager.m; sourceTree = "<group>"; };
		81C9E0AB1ACD1EEB006D2E7E /* AFHTTPSessionManager.h */ = {isa = PBXFileReference; fileEncoding = 4; lastKnownFileType = sourcecode.c.h; path = AFHTTPSessionManager.h; sourceTree = "<group>"; };
		81C9E0AC1ACD1EEB006D2E7E /* AFHTTPSessionManager.m */ = {isa = PBXFileReference; fileEncoding = 4; lastKnownFileType = sourcecode.c.objc; path = AFHTTPSessionManager.m; sourceTree = "<group>"; };
		81C9E0AD1ACD1EEB006D2E7E /* AFNetworking.h */ = {isa = PBXFileReference; fileEncoding = 4; lastKnownFileType = sourcecode.c.h; path = AFNetworking.h; sourceTree = "<group>"; };
		81C9E0AE1ACD1EEB006D2E7E /* AFNetworkReachabilityManager.h */ = {isa = PBXFileReference; fileEncoding = 4; lastKnownFileType = sourcecode.c.h; path = AFNetworkReachabilityManager.h; sourceTree = "<group>"; };
		81C9E0AF1ACD1EEB006D2E7E /* AFNetworkReachabilityManager.m */ = {isa = PBXFileReference; fileEncoding = 4; lastKnownFileType = sourcecode.c.objc; path = AFNetworkReachabilityManager.m; sourceTree = "<group>"; };
		81C9E0B01ACD1EEB006D2E7E /* AFSecurityPolicy.h */ = {isa = PBXFileReference; fileEncoding = 4; lastKnownFileType = sourcecode.c.h; path = AFSecurityPolicy.h; sourceTree = "<group>"; };
		81C9E0B11ACD1EEB006D2E7E /* AFSecurityPolicy.m */ = {isa = PBXFileReference; fileEncoding = 4; lastKnownFileType = sourcecode.c.objc; path = AFSecurityPolicy.m; sourceTree = "<group>"; };
		81C9E0B21ACD1EEB006D2E7E /* AFURLConnectionOperation.h */ = {isa = PBXFileReference; fileEncoding = 4; lastKnownFileType = sourcecode.c.h; path = AFURLConnectionOperation.h; sourceTree = "<group>"; };
		81C9E0B31ACD1EEB006D2E7E /* AFURLConnectionOperation.m */ = {isa = PBXFileReference; fileEncoding = 4; lastKnownFileType = sourcecode.c.objc; path = AFURLConnectionOperation.m; sourceTree = "<group>"; };
		81C9E0B41ACD1EEB006D2E7E /* AFURLRequestSerialization.h */ = {isa = PBXFileReference; fileEncoding = 4; lastKnownFileType = sourcecode.c.h; path = AFURLRequestSerialization.h; sourceTree = "<group>"; };
		81C9E0B51ACD1EEB006D2E7E /* AFURLRequestSerialization.m */ = {isa = PBXFileReference; fileEncoding = 4; lastKnownFileType = sourcecode.c.objc; path = AFURLRequestSerialization.m; sourceTree = "<group>"; };
		81C9E0B61ACD1EEB006D2E7E /* AFURLResponseSerialization.h */ = {isa = PBXFileReference; fileEncoding = 4; lastKnownFileType = sourcecode.c.h; path = AFURLResponseSerialization.h; sourceTree = "<group>"; };
		81C9E0B71ACD1EEB006D2E7E /* AFURLResponseSerialization.m */ = {isa = PBXFileReference; fileEncoding = 4; lastKnownFileType = sourcecode.c.objc; path = AFURLResponseSerialization.m; sourceTree = "<group>"; };
		81C9E0B81ACD1EEB006D2E7E /* AFURLSessionManager.h */ = {isa = PBXFileReference; fileEncoding = 4; lastKnownFileType = sourcecode.c.h; path = AFURLSessionManager.h; sourceTree = "<group>"; };
		81C9E0B91ACD1EEB006D2E7E /* AFURLSessionManager.m */ = {isa = PBXFileReference; fileEncoding = 4; lastKnownFileType = sourcecode.c.objc; path = AFURLSessionManager.m; sourceTree = "<group>"; };
		81C9E0BD1ACD1EEB006D2E7E /* Base */ = {isa = PBXFileReference; lastKnownFileType = file.xib; name = Base; path = Base.lproj/LaunchScreen.xib; sourceTree = "<group>"; };
		81C9E0BF1ACD1EEB006D2E7E /* Base */ = {isa = PBXFileReference; lastKnownFileType = file.storyboard; name = Base; path = Base.lproj/Main.storyboard; sourceTree = "<group>"; };
		81C9E0CF1ACD1EEB006D2E7E /* Images.xcassets */ = {isa = PBXFileReference; lastKnownFileType = folder.assetcatalog; path = Images.xcassets; sourceTree = "<group>"; };
		81C9E0D01ACD1EEB006D2E7E /* Info.plist */ = {isa = PBXFileReference; fileEncoding = 4; lastKnownFileType = text.plist.xml; path = Info.plist; sourceTree = "<group>"; };
		81C9E0D11ACD1EEB006D2E7E /* main.m */ = {isa = PBXFileReference; fileEncoding = 4; lastKnownFileType = sourcecode.c.objc; path = main.m; sourceTree = "<group>"; };
/* End PBXFileReference section */

/* Begin PBXFrameworksBuildPhase section */
		181F714F1A73453D00293CED /* Frameworks */ = {
			isa = PBXFrameworksBuildPhase;
			buildActionMask = 2147483647;
			files = (
			);
			runOnlyForDeploymentPostprocessing = 0;
		};
		181F71681A73453D00293CED /* Frameworks */ = {
			isa = PBXFrameworksBuildPhase;
			buildActionMask = 2147483647;
			files = (
			);
			runOnlyForDeploymentPostprocessing = 0;
		};
/* End PBXFrameworksBuildPhase section */

/* Begin PBXGroup section */
		181F71491A73453D00293CED = {
			isa = PBXGroup;
			children = (
				81C9E0A51ACD1EEB006D2E7E /* iOSHybridAppDemo */,
				81C9E0241ACD17FE006D2E7E /* iOS Hybrid App DemoTests */,
				181F71531A73453D00293CED /* Products */,
			);
			sourceTree = "<group>";
		};
		181F71531A73453D00293CED /* Products */ = {
			isa = PBXGroup;
			children = (
				181F71521A73453D00293CED /* iOSHybridAppDemo.app */,
				181F716B1A73453D00293CED /* iOSHybridAppDemoTests.xctest */,
			);
			name = Products;
			sourceTree = "<group>";
		};
		81ABF3351ACD731200404758 /* SDWebImage */ = {
			isa = PBXGroup;
			children = (
				81ABF3361ACD731200404758 /* MKAnnotationView+WebCache.h */,
				81ABF3371ACD731200404758 /* MKAnnotationView+WebCache.m */,
				81ABF3381ACD731200404758 /* NSData+ImageContentType.h */,
				81ABF3391ACD731200404758 /* NSData+ImageContentType.m */,
				81ABF33A1ACD731200404758 /* SDImageCache.h */,
				81ABF33B1ACD731200404758 /* SDImageCache.m */,
				81ABF33C1ACD731200404758 /* SDWebImageCompat.h */,
				81ABF33D1ACD731200404758 /* SDWebImageCompat.m */,
				81ABF33E1ACD731200404758 /* SDWebImageDecoder.h */,
				81ABF33F1ACD731200404758 /* SDWebImageDecoder.m */,
				81ABF3401ACD731200404758 /* SDWebImageDownloader.h */,
				81ABF3411ACD731200404758 /* SDWebImageDownloader.m */,
				81ABF3421ACD731200404758 /* SDWebImageDownloaderOperation.h */,
				81ABF3431ACD731200404758 /* SDWebImageDownloaderOperation.m */,
				81ABF3441ACD731200404758 /* SDWebImageManager.h */,
				81ABF3451ACD731200404758 /* SDWebImageManager.m */,
				81ABF3461ACD731200404758 /* SDWebImageOperation.h */,
				81ABF3471ACD731200404758 /* SDWebImagePrefetcher.h */,
				81ABF3481ACD731200404758 /* SDWebImagePrefetcher.m */,
				81ABF3491ACD731200404758 /* UIButton+WebCache.h */,
				81ABF34A1ACD731200404758 /* UIButton+WebCache.m */,
				81ABF34B1ACD731200404758 /* UIImage+GIF.h */,
				81ABF34C1ACD731200404758 /* UIImage+GIF.m */,
				81ABF34D1ACD731200404758 /* UIImage+MultiFormat.h */,
				81ABF34E1ACD731200404758 /* UIImage+MultiFormat.m */,
				81ABF34F1ACD731200404758 /* UIImage+WebP.h */,
				81ABF3501ACD731200404758 /* UIImage+WebP.m */,
				81ABF3511ACD731200404758 /* UIImageView+HighlightedWebCache.h */,
				81ABF3521ACD731200404758 /* UIImageView+HighlightedWebCache.m */,
				81ABF3531ACD731200404758 /* UIImageView+WebCache.h */,
				81ABF3541ACD731200404758 /* UIImageView+WebCache.m */,
				81ABF3551ACD731200404758 /* UIView+WebCacheOperation.h */,
				81ABF3561ACD731200404758 /* UIView+WebCacheOperation.m */,
			);
			path = SDWebImage;
			sourceTree = "<group>";
		};
		81ABF3671ACD758400404758 /* Controller */ = {
			isa = PBXGroup;
			children = (
				81ABF3681ACD758400404758 /* HPHeadlineViewController.h */,
				81ABF3691ACD758400404758 /* HPHeadlineViewController.m */,
				81ABF36A1ACD758400404758 /* HPNewsDetailViewController.h */,
				81ABF36B1ACD758400404758 /* HPNewsDetailViewController.m */,
			);
			path = Controller;
			sourceTree = "<group>";
		};
		81ABF36C1ACD758400404758 /* Model */ = {
			isa = PBXGroup;
			children = (
				81ABF36D1ACD758400404758 /* HPHeadline.h */,
				81ABF36E1ACD758400404758 /* HPHeadline.m */,
				81ABF36F1ACD758400404758 /* HPNewsDetail.css */,
				81ABF3701ACD758400404758 /* HPNewsDetail.h */,
				81ABF3711ACD758400404758 /* HPNewsDetail.m */,
				81ABF3721ACD758400404758 /* HPNewsDetailImg.h */,
				81ABF3731ACD758400404758 /* HPNewsDetailImg.m */,
			);
			path = Model;
			sourceTree = "<group>";
		};
		81ABF3741ACD758400404758 /* Others */ = {
			isa = PBXGroup;
			children = (
				81ABF3751ACD758400404758 /* AppDelegate.h */,
				81ABF3761ACD758400404758 /* AppDelegate.m */,
				81ABF3771ACD758400404758 /* HPHttpManager.h */,
				81ABF3781ACD758400404758 /* HPHttpManager.m */,
			);
			path = Others;
			sourceTree = "<group>";
		};
		81ABF3791ACD758400404758 /* View */ = {
			isa = PBXGroup;
			children = (
			);
			path = View;
			sourceTree = "<group>";
		};
		81ABF3821ACD758F00404758 /* Supporting Files */ = {
			isa = PBXGroup;
			children = (
				81C9E0BC1ACD1EEB006D2E7E /* LaunchScreen.xib */,
				81C9E0BE1ACD1EEB006D2E7E /* Main.storyboard */,
				81C9E0CF1ACD1EEB006D2E7E /* Images.xcassets */,
				81C9E0D01ACD1EEB006D2E7E /* Info.plist */,
				81C9E0D11ACD1EEB006D2E7E /* main.m */,
			);
			name = "Supporting Files";
			sourceTree = "<group>";
		};
		81C9E0241ACD17FE006D2E7E /* iOS Hybrid App DemoTests */ = {
			isa = PBXGroup;
			children = (
				81C9E0261ACD17FE006D2E7E /* Info.plist */,
				81C9E0A11ACD1B00006D2E7E /* iOSHybridAppDemoTests.m */,
			);
			path = "iOS Hybrid App DemoTests";
			sourceTree = "<group>";
		};
		81C9E0A51ACD1EEB006D2E7E /* iOSHybridAppDemo */ = {
			isa = PBXGroup;
			children = (
				81ABF3351ACD731200404758 /* SDWebImage */,
				81C9E0A61ACD1EEB006D2E7E /* AFNetworking */,
				81ABF3671ACD758400404758 /* Controller */,
				81ABF36C1ACD758400404758 /* Model */,
				81ABF3741ACD758400404758 /* Others */,
				81ABF3791ACD758400404758 /* View */,
				81ABF3821ACD758F00404758 /* Supporting Files */,
			);
			path = iOSHybridAppDemo;
			sourceTree = "<group>";
		};
		81C9E0A61ACD1EEB006D2E7E /* AFNetworking */ = {
			isa = PBXGroup;
			children = (
				81C9E0A71ACD1EEB006D2E7E /* AFHTTPRequestOperation.h */,
				81C9E0A81ACD1EEB006D2E7E /* AFHTTPRequestOperation.m */,
				81C9E0A91ACD1EEB006D2E7E /* AFHTTPRequestOperationManager.h */,
				81C9E0AA1ACD1EEB006D2E7E /* AFHTTPRequestOperationManager.m */,
				81C9E0AB1ACD1EEB006D2E7E /* AFHTTPSessionManager.h */,
				81C9E0AC1ACD1EEB006D2E7E /* AFHTTPSessionManager.m */,
				81C9E0AD1ACD1EEB006D2E7E /* AFNetworking.h */,
				81C9E0AE1ACD1EEB006D2E7E /* AFNetworkReachabilityManager.h */,
				81C9E0AF1ACD1EEB006D2E7E /* AFNetworkReachabilityManager.m */,
				81C9E0B01ACD1EEB006D2E7E /* AFSecurityPolicy.h */,
				81C9E0B11ACD1EEB006D2E7E /* AFSecurityPolicy.m */,
				81C9E0B21ACD1EEB006D2E7E /* AFURLConnectionOperation.h */,
				81C9E0B31ACD1EEB006D2E7E /* AFURLConnectionOperation.m */,
				81C9E0B41ACD1EEB006D2E7E /* AFURLRequestSerialization.h */,
				81C9E0B51ACD1EEB006D2E7E /* AFURLRequestSerialization.m */,
				81C9E0B61ACD1EEB006D2E7E /* AFURLResponseSerialization.h */,
				81C9E0B71ACD1EEB006D2E7E /* AFURLResponseSerialization.m */,
				81C9E0B81ACD1EEB006D2E7E /* AFURLSessionManager.h */,
				81C9E0B91ACD1EEB006D2E7E /* AFURLSessionManager.m */,
			);
			path = AFNetworking;
			sourceTree = "<group>";
		};
/* End PBXGroup section */

/* Begin PBXNativeTarget section */
		181F71511A73453D00293CED /* iOSHybridAppDemo */ = {
			isa = PBXNativeTarget;
			buildConfigurationList = 181F71751A73453D00293CED /* Build configuration list for PBXNativeTarget "iOSHybridAppDemo" */;
			buildPhases = (
				181F714E1A73453D00293CED /* Sources */,
				181F714F1A73453D00293CED /* Frameworks */,
				181F71501A73453D00293CED /* Resources */,
			);
			buildRules = (
			);
			dependencies = (
			);
			name = iOSHybridAppDemo;
			productName = "02-新闻详情页面";
			productReference = 181F71521A73453D00293CED /* iOSHybridAppDemo.app */;
			productType = "com.apple.product-type.application";
		};
		181F716A1A73453D00293CED /* iOSHybridAppDemoTests */ = {
			isa = PBXNativeTarget;
			buildConfigurationList = 181F71781A73453D00293CED /* Build configuration list for PBXNativeTarget "iOSHybridAppDemoTests" */;
			buildPhases = (
				181F71671A73453D00293CED /* Sources */,
				181F71681A73453D00293CED /* Frameworks */,
				181F71691A73453D00293CED /* Resources */,
			);
			buildRules = (
			);
			dependencies = (
				181F716D1A73453D00293CED /* PBXTargetDependency */,
			);
			name = iOSHybridAppDemoTests;
			productName = "02-新闻详情页面Tests";
			productReference = 181F716B1A73453D00293CED /* iOSHybridAppDemoTests.xctest */;
			productType = "com.apple.product-type.bundle.unit-test";
		};
/* End PBXNativeTarget section */

/* Begin PBXProject section */
		181F714A1A73453D00293CED /* Project object */ = {
			isa = PBXProject;
			attributes = {
				CLASSPREFIX = HM;
				LastUpgradeCheck = 0610;
				ORGANIZATIONNAME = heima;
				TargetAttributes = {
					181F71511A73453D00293CED = {
						CreatedOnToolsVersion = 6.1;
					};
					181F716A1A73453D00293CED = {
						CreatedOnToolsVersion = 6.1;
						TestTargetID = 181F71511A73453D00293CED;
					};
				};
			};
			buildConfigurationList = 181F714D1A73453D00293CED /* Build configuration list for PBXProject "iOSHybridAppDemo" */;
			compatibilityVersion = "Xcode 3.2";
			developmentRegion = English;
			hasScannedForEncodings = 0;
			knownRegions = (
				en,
				Base,
			);
			mainGroup = 181F71491A73453D00293CED;
			productRefGroup = 181F71531A73453D00293CED /* Products */;
			projectDirPath = "";
			projectRoot = "";
			targets = (
				181F71511A73453D00293CED /* iOSHybridAppDemo */,
				181F716A1A73453D00293CED /* iOSHybridAppDemoTests */,
			);
		};
/* End PBXProject section */

/* Begin PBXResourcesBuildPhase section */
		181F71501A73453D00293CED /* Resources */ = {
			isa = PBXResourcesBuildPhase;
			buildActionMask = 2147483647;
			files = (
				81C9E10A1ACD1EEB006D2E7E /* Info.plist in Resources */,
				81ABF37D1ACD758400404758 /* HPNewsDetail.css in Resources */,
				81C9E1091ACD1EEB006D2E7E /* Images.xcassets in Resources */,
				81C9E0FF1ACD1EEB006D2E7E /* Main.storyboard in Resources */,
				81C9E0FE1ACD1EEB006D2E7E /* LaunchScreen.xib in Resources */,
				81C9E0281ACD17FE006D2E7E /* Info.plist in Resources */,
			);
			runOnlyForDeploymentPostprocessing = 0;
		};
		181F71691A73453D00293CED /* Resources */ = {
			isa = PBXResourcesBuildPhase;
			buildActionMask = 2147483647;
			files = (
			);
			runOnlyForDeploymentPostprocessing = 0;
		};
/* End PBXResourcesBuildPhase section */

/* Begin PBXSourcesBuildPhase section */
		181F714E1A73453D00293CED /* Sources */ = {
			isa = PBXSourcesBuildPhase;
			buildActionMask = 2147483647;
			files = (
				81ABF35C1ACD731200404758 /* SDWebImageDownloader.m in Sources */,
				81C9E0FC1ACD1EEB006D2E7E /* AFURLSessionManager.m in Sources */,
				81ABF37A1ACD758400404758 /* HPHeadlineViewController.m in Sources */,
				81ABF35F1ACD731200404758 /* SDWebImagePrefetcher.m in Sources */,
				81ABF3801ACD758400404758 /* AppDelegate.m in Sources */,
				81ABF3811ACD758400404758 /* HPHttpManager.m in Sources */,
				81ABF3661ACD731200404758 /* UIView+WebCacheOperation.m in Sources */,
				81C9E0F61ACD1EEB006D2E7E /* AFHTTPSessionManager.m in Sources */,
				81ABF3621ACD731200404758 /* UIImage+MultiFormat.m in Sources */,
				81ABF3631ACD731200404758 /* UIImage+WebP.m in Sources */,
				81C9E0F81ACD1EEB006D2E7E /* AFSecurityPolicy.m in Sources */,
				81ABF3651ACD731200404758 /* UIImageView+WebCache.m in Sources */,
				81C9E0F51ACD1EEB006D2E7E /* AFHTTPRequestOperationManager.m in Sources */,
				81C9E0F71ACD1EEB006D2E7E /* AFNetworkReachabilityManager.m in Sources */,
				81C9E0F91ACD1EEB006D2E7E /* AFURLConnectionOperation.m in Sources */,
				81C9E0FA1ACD1EEB006D2E7E /* AFURLRequestSerialization.m in Sources */,
				81ABF37B1ACD758400404758 /* HPNewsDetailViewController.m in Sources */,
				81C9E10B1ACD1EEB006D2E7E /* main.m in Sources */,
				81ABF3581ACD731200404758 /* NSData+ImageContentType.m in Sources */,
				81C9E0FB1ACD1EEB006D2E7E /* AFURLResponseSerialization.m in Sources */,
				81C9E0F41ACD1EEB006D2E7E /* AFHTTPRequestOperation.m in Sources */,
				81ABF35E1ACD731200404758 /* SDWebImageManager.m in Sources */,
				81ABF35B1ACD731200404758 /* SDWebImageDecoder.m in Sources */,
				81ABF37C1ACD758400404758 /* HPHeadline.m in Sources */,
				81ABF35D1ACD731200404758 /* SDWebImageDownloaderOperation.m in Sources */,
				81ABF3571ACD731200404758 /* MKAnnotationView+WebCache.m in Sources */,
				81ABF37F1ACD758400404758 /* HPNewsDetailImg.m in Sources */,
				81ABF35A1ACD731200404758 /* SDWebImageCompat.m in Sources */,
				81ABF37E1ACD758400404758 /* HPNewsDetail.m in Sources */,
				81ABF3601ACD731200404758 /* UIButton+WebCache.m in Sources */,
				81ABF3641ACD731200404758 /* UIImageView+HighlightedWebCache.m in Sources */,
				81ABF3611ACD731200404758 /* UIImage+GIF.m in Sources */,
				81ABF3591ACD731200404758 /* SDImageCache.m in Sources */,
			);
			runOnlyForDeploymentPostprocessing = 0;
		};
		181F71671A73453D00293CED /* Sources */ = {
			isa = PBXSourcesBuildPhase;
			buildActionMask = 2147483647;
			files = (
				81C9E0A21ACD1B00006D2E7E /* iOSHybridAppDemoTests.m in Sources */,
			);
			runOnlyForDeploymentPostprocessing = 0;
		};
/* End PBXSourcesBuildPhase section */

/* Begin PBXTargetDependency section */
		181F716D1A73453D00293CED /* PBXTargetDependency */ = {
			isa = PBXTargetDependency;
			target = 181F71511A73453D00293CED /* iOSHybridAppDemo */;
			targetProxy = 181F716C1A73453D00293CED /* PBXContainerItemProxy */;
		};
/* End PBXTargetDependency section */

/* Begin PBXVariantGroup section */
		81C9E0BC1ACD1EEB006D2E7E /* LaunchScreen.xib */ = {
			isa = PBXVariantGroup;
			children = (
				81C9E0BD1ACD1EEB006D2E7E /* Base */,
			);
			name = LaunchScreen.xib;
			sourceTree = "<group>";
		};
		81C9E0BE1ACD1EEB006D2E7E /* Main.storyboard */ = {
			isa = PBXVariantGroup;
			children = (
				81C9E0BF1ACD1EEB006D2E7E /* Base */,
			);
			name = Main.storyboard;
			sourceTree = "<group>";
		};
/* End PBXVariantGroup section */

/* Begin XCBuildConfiguration section */
		181F71731A73453D00293CED /* Debug */ = {
			isa = XCBuildConfiguration;
			buildSettings = {
				ALWAYS_SEARCH_USER_PATHS = NO;
				CLANG_CXX_LANGUAGE_STANDARD = "gnu++0x";
				CLANG_CXX_LIBRARY = "libc++";
				CLANG_ENABLE_MODULES = YES;
				CLANG_ENABLE_OBJC_ARC = YES;
				CLANG_WARN_BOOL_CONVERSION = YES;
				CLANG_WARN_CONSTANT_CONVERSION = YES;
				CLANG_WARN_DIRECT_OBJC_ISA_USAGE = YES_ERROR;
				CLANG_WARN_EMPTY_BODY = YES;
				CLANG_WARN_ENUM_CONVERSION = YES;
				CLANG_WARN_INT_CONVERSION = YES;
				CLANG_WARN_OBJC_ROOT_CLASS = YES_ERROR;
				CLANG_WARN_UNREACHABLE_CODE = YES;
				CLANG_WARN__DUPLICATE_METHOD_MATCH = YES;
				"CODE_SIGN_IDENTITY[sdk=iphoneos*]" = "iPhone Developer";
				COPY_PHASE_STRIP = NO;
				ENABLE_STRICT_OBJC_MSGSEND = YES;
				GCC_C_LANGUAGE_STANDARD = gnu99;
				GCC_DYNAMIC_NO_PIC = NO;
				GCC_OPTIMIZATION_LEVEL = 0;
				GCC_PREPROCESSOR_DEFINITIONS = (
					"DEBUG=1",
					"$(inherited)",
				);
				GCC_SYMBOLS_PRIVATE_EXTERN = NO;
				GCC_WARN_64_TO_32_BIT_CONVERSION = YES;
				GCC_WARN_ABOUT_RETURN_TYPE = YES_ERROR;
				GCC_WARN_UNDECLARED_SELECTOR = YES;
				GCC_WARN_UNINITIALIZED_AUTOS = YES_AGGRESSIVE;
				GCC_WARN_UNUSED_FUNCTION = YES;
				GCC_WARN_UNUSED_VARIABLE = YES;
				INFOPLIST_FILE = HlifeMerchant/Info.plist;
				IPHONEOS_DEPLOYMENT_TARGET = 7.0;
				MTL_ENABLE_DEBUG_INFO = YES;
				ONLY_ACTIVE_ARCH = YES;
				SDKROOT = iphoneos;
			};
			name = Debug;
		};
		181F71741A73453D00293CED /* Release */ = {
			isa = XCBuildConfiguration;
			buildSettings = {
				ALWAYS_SEARCH_USER_PATHS = NO;
				CLANG_CXX_LANGUAGE_STANDARD = "gnu++0x";
				CLANG_CXX_LIBRARY = "libc++";
				CLANG_ENABLE_MODULES = YES;
				CLANG_ENABLE_OBJC_ARC = YES;
				CLANG_WARN_BOOL_CONVERSION = YES;
				CLANG_WARN_CONSTANT_CONVERSION = YES;
				CLANG_WARN_DIRECT_OBJC_ISA_USAGE = YES_ERROR;
				CLANG_WARN_EMPTY_BODY = YES;
				CLANG_WARN_ENUM_CONVERSION = YES;
				CLANG_WARN_INT_CONVERSION = YES;
				CLANG_WARN_OBJC_ROOT_CLASS = YES_ERROR;
				CLANG_WARN_UNREACHABLE_CODE = YES;
				CLANG_WARN__DUPLICATE_METHOD_MATCH = YES;
				"CODE_SIGN_IDENTITY[sdk=iphoneos*]" = "iPhone Developer";
				COPY_PHASE_STRIP = YES;
				ENABLE_NS_ASSERTIONS = NO;
				ENABLE_STRICT_OBJC_MSGSEND = YES;
				GCC_C_LANGUAGE_STANDARD = gnu99;
				GCC_WARN_64_TO_32_BIT_CONVERSION = YES;
				GCC_WARN_ABOUT_RETURN_TYPE = YES_ERROR;
				GCC_WARN_UNDECLARED_SELECTOR = YES;
				GCC_WARN_UNINITIALIZED_AUTOS = YES_AGGRESSIVE;
				GCC_WARN_UNUSED_FUNCTION = YES;
				GCC_WARN_UNUSED_VARIABLE = YES;
				INFOPLIST_FILE = HlifeMerchant/Info.plist;
				IPHONEOS_DEPLOYMENT_TARGET = 7.0;
				MTL_ENABLE_DEBUG_INFO = NO;
				SDKROOT = iphoneos;
				VALIDATE_PRODUCT = YES;
			};
			name = Release;
		};
		181F71761A73453D00293CED /* Debug */ = {
			isa = XCBuildConfiguration;
			buildSettings = {
				ASSETCATALOG_COMPILER_APPICON_NAME = AppIcon;
				INFOPLIST_FILE = iOSHybridAppDemo/Info.plist;
				INFOPLIST_PREPROCESS = NO;
				LD_RUNPATH_SEARCH_PATHS = "$(inherited) @executable_path/Frameworks";
				PRODUCT_NAME = iOSHybridAppDemo;
			};
			name = Debug;
		};
		181F71771A73453D00293CED /* Release */ = {
			isa = XCBuildConfiguration;
			buildSettings = {
				ASSETCATALOG_COMPILER_APPICON_NAME = AppIcon;
				INFOPLIST_FILE = iOSHybridAppDemo/Info.plist;
				INFOPLIST_PREPROCESS = NO;
				LD_RUNPATH_SEARCH_PATHS = "$(inherited) @executable_path/Frameworks";
				PRODUCT_NAME = iOSHybridAppDemo;
			};
			name = Release;
		};
		181F71791A73453D00293CED /* Debug */ = {
			isa = XCBuildConfiguration;
			buildSettings = {
				BUNDLE_LOADER = "$(TEST_HOST)";
				FRAMEWORK_SEARCH_PATHS = (
					"$(SDKROOT)/Developer/Library/Frameworks",
					"$(inherited)",
				);
				GCC_PREPROCESSOR_DEFINITIONS = (
					"DEBUG=1",
					"$(inherited)",
				);
				INFOPLIST_FILE = iOSHybridAppDemo/Info.plist;
				LD_RUNPATH_SEARCH_PATHS = "$(inherited) @executable_path/Frameworks @loader_path/Frameworks";
				PRODUCT_NAME = iOSHybridAppDemoTests;
				TEST_HOST = "$(BUILT_PRODUCTS_DIR)/02-新闻详情页面.app/02-新闻详情页面";
			};
			name = Debug;
		};
		181F717A1A73453D00293CED /* Release */ = {
			isa = XCBuildConfiguration;
			buildSettings = {
				BUNDLE_LOADER = "$(TEST_HOST)";
				FRAMEWORK_SEARCH_PATHS = (
					"$(SDKROOT)/Developer/Library/Frameworks",
					"$(inherited)",
				);
				INFOPLIST_FILE = iOSHybridAppDemo/Info.plist;
				LD_RUNPATH_SEARCH_PATHS = "$(inherited) @executable_path/Frameworks @loader_path/Frameworks";
				PRODUCT_NAME = iOSHybridAppDemoTests;
				TEST_HOST = "$(BUILT_PRODUCTS_DIR)/02-新闻详情页面.app/02-新闻详情页面";
			};
			name = Release;
		};
/* End XCBuildConfiguration section */

/* Begin XCConfigurationList section */
		181F714D1A73453D00293CED /* Build configuration list for PBXProject "iOSHybridAppDemo" */ = {
			isa = XCConfigurationList;
			buildConfigurations = (
				181F71731A73453D00293CED /* Debug */,
				181F71741A73453D00293CED /* Release */,
			);
			defaultConfigurationIsVisible = 0;
			defaultConfigurationName = Release;
		};
		181F71751A73453D00293CED /* Build configuration list for PBXNativeTarget "iOSHybridAppDemo" */ = {
			isa = XCConfigurationList;
			buildConfigurations = (
				181F71761A73453D00293CED /* Debug */,
				181F71771A73453D00293CED /* Release */,
			);
			defaultConfigurationIsVisible = 0;
			defaultConfigurationName = Release;
		};
		181F71781A73453D00293CED /* Build configuration list for PBXNativeTarget "iOSHybridAppDemoTests" */ = {
			isa = XCConfigurationList;
			buildConfigurations = (
				181F71791A73453D00293CED /* Debug */,
				181F717A1A73453D00293CED /* Release */,
			);
			defaultConfigurationIsVisible = 0;
			defaultConfigurationName = Release;
		};
/* End XCConfigurationList section */
	};
	rootObject = 181F714A1A73453D00293CED /* Project object */;
}
